
Microsoft Visual Studio Solution File, Format Version 12.00
# Visual Studio 15
VisualStudioVersion = 15.0.28307.1622
MinimumVisualStudioVersion = 10.0.40219.1
Project("{8BC9CEB8-8B4A-11D0-8D11-00A0C91BC942}") = "practice", "practice\practice.vcxproj", "{4DA61CF7-FF33-41DB-AC85-F5436EA4BC31}"
EndProject
Global
	GlobalSection(SolutionConfigurationPlatforms) = preSolution
		Debug|x64 = Debug|x64
		Debug|x86 = Debug|x86
		Release|x64 = Release|x64
		Release|x86 = Release|x86
	EndGlobalSection
	GlobalSection(ProjectConfigurationPlatforms) = postSolution
		{4DA61CF7-FF33-41DB-AC85-F5436EA4BC31}.Debug|x64.ActiveCfg = Debug|x64
		{4DA61CF7-FF33-41DB-AC85-F5436EA4BC31}.Debug|x64.Build.0 = Debug|x64
		{4DA61CF7-FF33-41DB-AC85-F5436EA4BC31}.Debug|x86.ActiveCfg = Debug|Win32
		{4DA61CF7-FF33-41DB-AC85-F5436EA4BC31}.Debug|x86.Build.0 = Debug|Win32
		{4DA61CF7-FF33-41DB-AC85-F5436EA4BC31}.Release|x64.ActiveCfg = Release|x64
		{4DA61CF7-FF33-41DB-AC85-F5436EA4BC31}.Release|x64.Build.0 = Release|x64
		{4DA61CF7-FF33-41DB-AC85-F5436EA4BC31}.Release|x86.ActiveCfg = Release|Win32
		{4DA61CF7-FF33-41DB-AC85-F5436EA4BC31}.Release|x86.Build.0 = Release|Win32
	EndGlobalSection
	GlobalSection(SolutionProperties) = preSolution
		HideSolutionNode = FALSE
	EndGlobalSection
	GlobalSection(ExtensibilityGlobals) = postSolution
		SolutionGuid = {CE5164FE-8033-45F0-A3FE-3501FD258B1B}
	EndGlobalSection
EndGlobal
